
Microsoft Visual Studio Solution File, Format Version 12.00
# Visual Studio Version 16
VisualStudioVersion = 16.0.30406.217
MinimumVisualStudioVersion = 10.0.40219.1
Project("{FAE04EC0-301F-11D3-BF4B-00C04F79EFBC}") = "StudyPlannerWebApplication", "StudyPlannerWebApplication\StudyPlannerWebApplication.csproj", "{8E85268D-00FE-4AF0-BBA5-035C8068CB6E}"
EndProject
Global
	GlobalSection(SolutionConfigurationPlatforms) = preSolution
		Debug|Any CPU = Debug|Any CPU
		Release|Any CPU = Release|Any CPU
	EndGlobalSection
	GlobalSection(ProjectConfigurationPlatforms) = postSolution
		{8E85268D-00FE-4AF0-BBA5-035C8068CB6E}.Debug|Any CPU.ActiveCfg = Debug|Any CPU
		{8E85268D-00FE-4AF0-BBA5-035C8068CB6E}.Debug|Any CPU.Build.0 = Debug|Any CPU
		{8E85268D-00FE-4AF0-BBA5-035C8068CB6E}.Release|Any CPU.ActiveCfg = Release|Any CPU
		{8E85268D-00FE-4AF0-BBA5-035C8068CB6E}.Release|Any CPU.Build.0 = Release|Any CPU
	EndGlobalSection
	GlobalSection(SolutionProperties) = preSolution
		HideSolutionNode = FALSE
	EndGlobalSection
	GlobalSection(ExtensibilityGlobals) = postSolution
		SolutionGuid = {C5573519-A970-407C-96DD-62DD715DA8F0}
	EndGlobalSection
EndGlobal
